// !$*UTF8*$!
{
	archiveVersion = 1;
	classes = {
	};
	objectVersion = 77;
	objects = {

/* Begin PBXContainerItemProxy section */
		11372D3A2CA7D20000388654 /* PBXContainerItemProxy */ = {
			isa = PBXContainerItemProxy;
			containerPortal = 11372D202CA7D1FE00388654 /* Project object */;
			proxyType = 1;
			remoteGlobalIDString = 11372D272CA7D1FE00388654;
			remoteInfo = moodTerm;
		};
		11372D442CA7D20000388654 /* PBXContainerItemProxy */ = {
			isa = PBXContainerItemProxy;
			containerPortal = 11372D202CA7D1FE00388654 /* Project object */;
			proxyType = 1;
			remoteGlobalIDString = 11372D272CA7D1FE00388654;
			remoteInfo = moodTerm;
		};
/* End PBXContainerItemProxy section */

/* Begin PBXFileReference section */
		11372D282CA7D1FE00388654 /* moodTerm.app */ = {isa = PBXFileReference; explicitFileType = wrapper.application; includeInIndex = 0; path = moodTerm.app; sourceTree = BUILT_PRODUCTS_DIR; };
		11372D392CA7D20000388654 /* moodTermTests.xctest */ = {isa = PBXFileReference; explicitFileType = wrapper.cfbundle; includeInIndex = 0; path = moodTermTests.xctest; sourceTree = BUILT_PRODUCTS_DIR; };
		11372D432CA7D20000388654 /* moodTermUITests.xctest */ = {isa = PBXFileReference; explicitFileType = wrapper.cfbundle; includeInIndex = 0; path = moodTermUITests.xctest; sourceTree = BUILT_PRODUCTS_DIR; };
/* End PBXFileReference section */

/* Begin PBXFileSystemSynchronizedRootGroup section */
		11372D2A2CA7D1FE00388654 /* moodTerm */ = {
			isa = PBXFileSystemSynchronizedRootGroup;
			path = moodTerm;
			sourceTree = "<group>";
		};
		11372D3C2CA7D20000388654 /* moodTermTests */ = {
			isa = PBXFileSystemSynchronizedRootGroup;
			path = moodTermTests;
			sourceTree = "<group>";
		};
		11372D462CA7D20000388654 /* moodTermUITests */ = {
			isa = PBXFileSystemSynchronizedRootGroup;
			path = moodTermUITests;
			sourceTree = "<group>";
		};
/* End PBXFileSystemSynchronizedRootGroup section */

/* Begin PBXFrameworksBuildPhase section */
		11372D252CA7D1FE00388654 /* Frameworks */ = {
			isa = PBXFrameworksBuildPhase;
			buildActionMask = 2147483647;
			files = (
			);
			runOnlyForDeploymentPostprocessing = 0;
		};
		11372D362CA7D20000388654 /* Frameworks */ = {
			isa = PBXFrameworksBuildPhase;
			buildActionMask = 2147483647;
			files = (
			);
			runOnlyForDeploymentPostprocessing = 0;
		};
		11372D402CA7D20000388654 /* Frameworks */ = {
			isa = PBXFrameworksBuildPhase;
			buildActionMask = 2147483647;
			files = (
			);
			runOnlyForDeploymentPostprocessing = 0;
		};
/* End PBXFrameworksBuildPhase section */

/* Begin PBXGroup section */
		11372D1F2CA7D1FE00388654 = {
			isa = PBXGroup;
			children = (
				11372D2A2CA7D1FE00388654 /* moodTerm */,
				11372D3C2CA7D20000388654 /* moodTermTests */,
				11372D462CA7D20000388654 /* moodTermUITests */,
				11372D292CA7D1FE00388654 /* Products */,
			);
			sourceTree = "<group>";
		};
		11372D292CA7D1FE00388654 /* Products */ = {
			isa = PBXGroup;
			children = (
				11372D282CA7D1FE00388654 /* moodTerm.app */,
				11372D392CA7D20000388654 /* moodTermTests.xctest */,
				11372D432CA7D20000388654 /* moodTermUITests.xctest */,
			);
			name = Products;
			sourceTree = "<group>";
		};
/* End PBXGroup section */

/* Begin PBXNativeTarget section */
		11372D272CA7D1FE00388654 /* moodTerm */ = {
			isa = PBXNativeTarget;
			buildConfigurationList = 11372D4D2CA7D20000388654 /* Build configuration list for PBXNativeTarget "moodTerm" */;
			buildPhases = (
				11372D242CA7D1FE00388654 /* Sources */,
				11372D252CA7D1FE00388654 /* Frameworks */,
				11372D262CA7D1FE00388654 /* Resources */,
			);
			buildRules = (
			);
			dependencies = (
			);
			fileSystemSynchronizedGroups = (
				11372D2A2CA7D1FE00388654 /* moodTerm */,
			);
			name = moodTerm;
			packageProductDependencies = (
			);
			productName = moodTerm;
			productReference = 11372D282CA7D1FE00388654 /* moodTerm.app */;
			productType = "com.apple.product-type.application";
		};
		11372D382CA7D20000388654 /* moodTermTests */ = {
			isa = PBXNativeTarget;
			buildConfigurationList = 11372D502CA7D20000388654 /* Build configuration list for PBXNativeTarget "moodTermTests" */;
			buildPhases = (
				11372D352CA7D20000388654 /* Sources */,
				11372D362CA7D20000388654 /* Frameworks */,
				11372D372CA7D20000388654 /* Resources */,
			);
			buildRules = (
			);
			dependencies = (
				11372D3B2CA7D20000388654 /* PBXTargetDependency */,
			);
			fileSystemSynchronizedGroups = (
				11372D3C2CA7D20000388654 /* moodTermTests */,
			);
			name = moodTermTests;
			packageProductDependencies = (
			);
			productName = moodTermTests;
			productReference = 11372D392CA7D20000388654 /* moodTermTests.xctest */;
			productType = "com.apple.product-type.bundle.unit-test";
		};
		11372D422CA7D20000388654 /* moodTermUITests */ = {
			isa = PBXNativeTarget;
			buildConfigurationList = 11372D532CA7D20000388654 /* Build configuration list for PBXNativeTarget "moodTermUITests" */;
			buildPhases = (
				11372D3F2CA7D20000388654 /* Sources */,
				11372D402CA7D20000388654 /* Frameworks */,
				11372D412CA7D20000388654 /* Resources */,
			);
			buildRules = (
			);
			dependencies = (
				11372D452CA7D20000388654 /* PBXTargetDependency */,
			);
			fileSystemSynchronizedGroups = (
				11372D462CA7D20000388654 /* moodTermUITests */,
			);
			name = moodTermUITests;
			packageProductDependencies = (
			);
			productName = moodTermUITests;
			productReference = 11372D432CA7D20000388654 /* moodTermUITests.xctest */;
			productType = "com.apple.product-type.bundle.ui-testing";
		};
/* End PBXNativeTarget section */

/* Begin PBXProject section */
		11372D202CA7D1FE00388654 /* Project object */ = {
			isa = PBXProject;
			attributes = {
				BuildIndependentTargetsInParallel = 1;
				LastSwiftUpdateCheck = 1600;
				LastUpgradeCheck = 1600;
				TargetAttributes = {
					11372D272CA7D1FE00388654 = {
						CreatedOnToolsVersion = 16.0;
					};
					11372D382CA7D20000388654 = {
						CreatedOnToolsVersion = 16.0;
						TestTargetID = 11372D272CA7D1FE00388654;
					};
					11372D422CA7D20000388654 = {
						CreatedOnToolsVersion = 16.0;
						TestTargetID = 11372D272CA7D1FE00388654;
					};
				};
			};
			buildConfigurationList = 11372D232CA7D1FE00388654 /* Build configuration list for PBXProject "moodTerm" */;
			developmentRegion = en;
			hasScannedForEncodings = 0;
			knownRegions = (
				en,
				Base,
			);
			mainGroup = 11372D1F2CA7D1FE00388654;
			minimizedProjectReferenceProxies = 1;
			preferredProjectObjectVersion = 77;
			productRefGroup = 11372D292CA7D1FE00388654 /* Products */;
			projectDirPath = "";
			projectRoot = "";
			targets = (
				11372D272CA7D1FE00388654 /* moodTerm */,
				11372D382CA7D20000388654 /* moodTermTests */,
				11372D422CA7D20000388654 /* moodTermUITests */,
			);
		};
/* End PBXProject section */

/* Begin PBXResourcesBuildPhase section */
		11372D262CA7D1FE00388654 /* Resources */ = {
			isa = PBXResourcesBuildPhase;
			buildActionMask = 2147483647;
			files = (
			);
			runOnlyForDeploymentPostprocessing = 0;
		};
		11372D372CA7D20000388654 /* Resources */ = {
			isa = PBXResourcesBuildPhase;
			buildActionMask = 2147483647;
			files = (
			);
			runOnlyForDeploymentPostprocessing = 0;
		};
		11372D412CA7D20000388654 /* Resources */ = {
			isa = PBXResourcesBuildPhase;
			buildActionMask = 2147483647;
			files = (
			);
			runOnlyForDeploymentPostprocessing = 0;
		};
/* End PBXResourcesBuildPhase section */

/* Begin PBXSourcesBuildPhase section */
		11372D242CA7D1FE00388654 /* Sources */ = {
			isa = PBXSourcesBuildPhase;
			buildActionMask = 2147483647;
			files = (
			);
			runOnlyForDeploymentPostprocessing = 0;
		};
		11372D352CA7D20000388654 /* Sources */ = {
			isa = PBXSourcesBuildPhase;
			buildActionMask = 2147483647;
			files = (
			);
			runOnlyForDeploymentPostprocessing = 0;
		};
		11372D3F2CA7D20000388654 /* Sources */ = {
			isa = PBXSourcesBuildPhase;
			buildActionMask = 2147483647;
			files = (
			);
			runOnlyForDeploymentPostprocessing = 0;
		};
/* End PBXSourcesBuildPhase section */

/* Begin PBXTargetDependency section */
		11372D3B2CA7D20000388654 /* PBXTargetDependency */ = {
			isa = PBXTargetDependency;
			target = 11372D272CA7D1FE00388654 /* moodTerm */;
			targetProxy = 11372D3A2CA7D20000388654 /* PBXContainerItemProxy */;
		};
		11372D452CA7D20000388654 /* PBXTargetDependency */ = {
			isa = PBXTargetDependency;
			target = 11372D272CA7D1FE00388654 /* moodTerm */;
			targetProxy = 11372D442CA7D20000388654 /* PBXContainerItemProxy */;
		};
/* End PBXTargetDependency section */

/* Begin XCBuildConfiguration section */
		11372D4B2CA7D20000388654 /* Debug */ = {
			isa = XCBuildConfiguration;
			buildSettings = {
				ALWAYS_SEARCH_USER_PATHS = NO;
				ASSETCATALOG_COMPILER_GENERATE_SWIFT_ASSET_SYMBOL_EXTENSIONS = YES;
				CLANG_ANALYZER_NONNULL = YES;
				CLANG_ANALYZER_NUMBER_OBJECT_CONVERSION = YES_AGGRESSIVE;
				CLANG_CXX_LANGUAGE_STANDARD = "gnu++20";
				CLANG_ENABLE_MODULES = YES;
				CLANG_ENABLE_OBJC_ARC = YES;
				CLANG_ENABLE_OBJC_WEAK = YES;
				CLANG_WARN_BLOCK_CAPTURE_AUTORELEASING = YES;
				CLANG_WARN_BOOL_CONVERSION = YES;
				CLANG_WARN_COMMA = YES;
				CLANG_WARN_CONSTANT_CONVERSION = YES;
				CLANG_WARN_DEPRECATED_OBJC_IMPLEMENTATIONS = YES;
				CLANG_WARN_DIRECT_OBJC_ISA_USAGE = YES_ERROR;
				CLANG_WARN_DOCUMENTATION_COMMENTS = YES;
				CLANG_WARN_EMPTY_BODY = YES;
				CLANG_WARN_ENUM_CONVERSION = YES;
				CLANG_WARN_INFINITE_RECURSION = YES;
				CLANG_WARN_INT_CONVERSION = YES;
				CLANG_WARN_NON_LITERAL_NULL_CONVERSION = YES;
				CLANG_WARN_OBJC_IMPLICIT_RETAIN_SELF = YES;
				CLANG_WARN_OBJC_LITERAL_CONVERSION = YES;
				CLANG_WARN_OBJC_ROOT_CLASS = YES_ERROR;
				CLANG_WARN_QUOTED_INCLUDE_IN_FRAMEWORK_HEADER = YES;
				CLANG_WARN_RANGE_LOOP_ANALYSIS = YES;
				CLANG_WARN_STRICT_PROTOTYPES = YES;
				CLANG_WARN_SUSPICIOUS_MOVE = YES;
				CLANG_WARN_UNGUARDED_AVAILABILITY = YES_AGGRESSIVE;
				CLANG_WARN_UNREACHABLE_CODE = YES;
				CLANG_WARN__DUPLICATE_METHOD_MATCH = YES;
				COPY_PHASE_STRIP = NO;
				DEBUG_INFORMATION_FORMAT = dwarf;
				ENABLE_STRICT_OBJC_MSGSEND = YES;
				ENABLE_TESTABILITY = YES;
				ENABLE_USER_SCRIPT_SANDBOXING = YES;
				GCC_C_LANGUAGE_STANDARD = gnu17;
				GCC_DYNAMIC_NO_PIC = NO;
				GCC_NO_COMMON_BLOCKS = YES;
				GCC_OPTIMIZATION_LEVEL = 0;
				GCC_PREPROCESSOR_DEFINITIONS = (
					"DEBUG=1",
					"$(inherited)",
				);
				GCC_WARN_64_TO_32_BIT_CONVERSION = YES;
				GCC_WARN_ABOUT_RETURN_TYPE = YES_ERROR;
				GCC_WARN_UNDECLARED_SELECTOR = YES;
				GCC_WARN_UNINITIALIZED_AUTOS = YES_AGGRESSIVE;
				GCC_WARN_UNUSED_FUNCTION = YES;
				GCC_WARN_UNUSED_VARIABLE = YES;
				LOCALIZATION_PREFERS_STRING_CATALOGS = YES;
				MACOSX_DEPLOYMENT_TARGET = 14.6;
				MTL_ENABLE_DEBUG_INFO = INCLUDE_SOURCE;
				MTL_FAST_MATH = YES;
				ONLY_ACTIVE_ARCH = YES;
				SDKROOT = macosx;
				SWIFT_ACTIVE_COMPILATION_CONDITIONS = "DEBUG $(inherited)";
				SWIFT_OPTIMIZATION_LEVEL = "-Onone";
			};
			name = Debug;
		};
		11372D4C2CA7D20000388654 /* Release */ = {
			isa = XCBuildConfiguration;
			buildSettings = {
				ALWAYS_SEARCH_USER_PATHS = NO;
				ASSETCATALOG_COMPILER_GENERATE_SWIFT_ASSET_SYMBOL_EXTENSIONS = YES;
				CLANG_ANALYZER_NONNULL = YES;
				CLANG_ANALYZER_NUMBER_OBJECT_CONVERSION = YES_AGGRESSIVE;
				CLANG_CXX_LANGUAGE_STANDARD = "gnu++20";
				CLANG_ENABLE_MODULES = YES;
				CLANG_ENABLE_OBJC_ARC = YES;
				CLANG_ENABLE_OBJC_WEAK = YES;
				CLANG_WARN_BLOCK_CAPTURE_AUTORELEASING = YES;
				CLANG_WARN_BOOL_CONVERSION = YES;
				CLANG_WARN_COMMA = YES;
				CLANG_WARN_CONSTANT_CONVERSION = YES;
				CLANG_WARN_DEPRECATED_OBJC_IMPLEMENTATIONS = YES;
				CLANG_WARN_DIRECT_OBJC_ISA_USAGE = YES_ERROR;
				CLANG_WARN_DOCUMENTATION_COMMENTS = YES;
				CLANG_WARN_EMPTY_BODY = YES;
				CLANG_WARN_ENUM_CONVERSION = YES;
				CLANG_WARN_INFINITE_RECURSION = YES;
				CLANG_WARN_INT_CONVERSION = YES;
				CLANG_WARN_NON_LITERAL_NULL_CONVERSION = YES;
				CLANG_WARN_OBJC_IMPLICIT_RETAIN_SELF = YES;
				CLANG_WARN_OBJC_LITERAL_CONVERSION = YES;
				CLANG_WARN_OBJC_ROOT_CLASS = YES_ERROR;
				CLANG_WARN_QUOTED_INCLUDE_IN_FRAMEWORK_HEADER = YES;
				CLANG_WARN_RANGE_LOOP_ANALYSIS = YES;
				CLANG_WARN_STRICT_PROTOTYPES = YES;
				CLANG_WARN_SUSPICIOUS_MOVE = YES;
				CLANG_WARN_UNGUARDED_AVAILABILITY = YES_AGGRESSIVE;
				CLANG_WARN_UNREACHABLE_CODE = YES;
				CLANG_WARN__DUPLICATE_METHOD_MATCH = YES;
				COPY_PHASE_STRIP = NO;
				DEBUG_INFORMATION_FORMAT = "dwarf-with-dsym";
				ENABLE_NS_ASSERTIONS = NO;
				ENABLE_STRICT_OBJC_MSGSEND = YES;
				ENABLE_USER_SCRIPT_SANDBOXING = YES;
				GCC_C_LANGUAGE_STANDARD = gnu17;
				GCC_NO_COMMON_BLOCKS = YES;
				GCC_WARN_64_TO_32_BIT_CONVERSION = YES;
				GCC_WARN_ABOUT_RETURN_TYPE = YES_ERROR;
				GCC_WARN_UNDECLARED_SELECTOR = YES;
				GCC_WARN_UNINITIALIZED_AUTOS = YES_AGGRESSIVE;
				GCC_WARN_UNUSED_FUNCTION = YES;
				GCC_WARN_UNUSED_VARIABLE = YES;
				LOCALIZATION_PREFERS_STRING_CATALOGS = YES;
				MACOSX_DEPLOYMENT_TARGET = 14.6;
				MTL_ENABLE_DEBUG_INFO = NO;
				MTL_FAST_MATH = YES;
				SDKROOT = macosx;
				SWIFT_COMPILATION_MODE = wholemodule;
			};
			name = Release;
		};
		11372D4E2CA7D20000388654 /* Debug */ = {
			isa = XCBuildConfiguration;
			buildSettings = {
				ASSETCATALOG_COMPILER_APPICON_NAME = AppIcon;
				ASSETCATALOG_COMPILER_GLOBAL_ACCENT_COLOR_NAME = AccentColor;
				CODE_SIGN_ENTITLEMENTS = moodTerm/moodTerm.entitlements;
				CODE_SIGN_STYLE = Automatic;
				COMBINE_HIDPI_IMAGES = YES;
				CURRENT_PROJECT_VERSION = 1;
				DEVELOPMENT_ASSET_PATHS = "\"moodTerm/Preview Content\"";
				ENABLE_PREVIEWS = YES;
				GENERATE_INFOPLIST_FILE = YES;
				INFOPLIST_KEY_NSHumanReadableCopyright = "";
				LD_RUNPATH_SEARCH_PATHS = (
					"$(inherited)",
					"@executable_path/../Frameworks",
				);
				MARKETING_VERSION = 1.0;
				PRODUCT_BUNDLE_IDENTIFIER = epuls.moodTerm;
				PRODUCT_NAME = "$(TARGET_NAME)";
				SWIFT_EMIT_LOC_STRINGS = YES;
				SWIFT_VERSION = 5.0;
			};
			name = Debug;
		};
		11372D4F2CA7D20000388654 /* Release */ = {
			isa = XCBuildConfiguration;
			buildSettings = {
				ASSETCATALOG_COMPILER_APPICON_NAME = AppIcon;
				ASSETCATALOG_COMPILER_GLOBAL_ACCENT_COLOR_NAME = AccentColor;
				CODE_SIGN_ENTITLEMENTS = moodTerm/moodTerm.entitlements;
				CODE_SIGN_STYLE = Automatic;
				COMBINE_HIDPI_IMAGES = YES;
				CURRENT_PROJECT_VERSION = 1;
				DEVELOPMENT_ASSET_PATHS = "\"moodTerm/Preview Content\"";
				ENABLE_PREVIEWS = YES;
				GENERATE_INFOPLIST_FILE = YES;
				INFOPLIST_KEY_NSHumanReadableCopyright = "";
				LD_RUNPATH_SEARCH_PATHS = (
					"$(inherited)",
					"@executable_path/../Frameworks",
				);
				MARKETING_VERSION = 1.0;
				PRODUCT_BUNDLE_IDENTIFIER = epuls.moodTerm;
				PRODUCT_NAME = "$(TARGET_NAME)";
				SWIFT_EMIT_LOC_STRINGS = YES;
				SWIFT_VERSION = 5.0;
			};
			name = Release;
		};
		11372D512CA7D20000388654 /* Debug */ = {
			isa = XCBuildConfiguration;
			buildSettings = {
				BUNDLE_LOADER = "$(TEST_HOST)";
				CODE_SIGN_STYLE = Automatic;
				CURRENT_PROJECT_VERSION = 1;
				GENERATE_INFOPLIST_FILE = YES;
				MACOSX_DEPLOYMENT_TARGET = 14.6;
				MARKETING_VERSION = 1.0;
				PRODUCT_BUNDLE_IDENTIFIER = epuls.moodTermTests;
				PRODUCT_NAME = "$(TARGET_NAME)";
				SWIFT_EMIT_LOC_STRINGS = NO;
				SWIFT_VERSION = 5.0;
				TEST_HOST = "$(BUILT_PRODUCTS_DIR)/moodTerm.app/$(BUNDLE_EXECUTABLE_FOLDER_PATH)/moodTerm";
			};
			name = Debug;
		};
		11372D522CA7D20000388654 /* Release */ = {
			isa = XCBuildConfiguration;
			buildSettings = {
				BUNDLE_LOADER = "$(TEST_HOST)";
				CODE_SIGN_STYLE = Automatic;
				CURRENT_PROJECT_VERSION = 1;
				GENERATE_INFOPLIST_FILE = YES;
				MACOSX_DEPLOYMENT_TARGET = 14.6;
				MARKETING_VERSION = 1.0;
				PRODUCT_BUNDLE_IDENTIFIER = epuls.moodTermTests;
				PRODUCT_NAME = "$(TARGET_NAME)";
				SWIFT_EMIT_LOC_STRINGS = NO;
				SWIFT_VERSION = 5.0;
				TEST_HOST = "$(BUILT_PRODUCTS_DIR)/moodTerm.app/$(BUNDLE_EXECUTABLE_FOLDER_PATH)/moodTerm";
			};
			name = Release;
		};
		11372D542CA7D20000388654 /* Debug */ = {
			isa = XCBuildConfiguration;
			buildSettings = {
				CODE_SIGN_STYLE = Automatic;
				CURRENT_PROJECT_VERSION = 1;
				GENERATE_INFOPLIST_FILE = YES;
				MARKETING_VERSION = 1.0;
				PRODUCT_BUNDLE_IDENTIFIER = epuls.moodTermUITests;
				PRODUCT_NAME = "$(TARGET_NAME)";
				SWIFT_EMIT_LOC_STRINGS = NO;
				SWIFT_VERSION = 5.0;
				TEST_TARGET_NAME = moodTerm;
			};
			name = Debug;
		};
		11372D552CA7D20000388654 /* Release */ = {
			isa = XCBuildConfiguration;
			buildSettings = {
				CODE_SIGN_STYLE = Automatic;
				CURRENT_PROJECT_VERSION = 1;
				GENERATE_INFOPLIST_FILE = YES;
				MARKETING_VERSION = 1.0;
				PRODUCT_BUNDLE_IDENTIFIER = epuls.moodTermUITests;
				PRODUCT_NAME = "$(TARGET_NAME)";
				SWIFT_EMIT_LOC_STRINGS = NO;
				SWIFT_VERSION = 5.0;
				TEST_TARGET_NAME = moodTerm;
			};
			name = Release;
		};
/* End XCBuildConfiguration section */

/* Begin XCConfigurationList section */
		11372D232CA7D1FE00388654 /* Build configuration list for PBXProject "moodTerm" */ = {
			isa = XCConfigurationList;
			buildConfigurations = (
				11372D4B2CA7D20000388654 /* Debug */,
				11372D4C2CA7D20000388654 /* Release */,
			);
			defaultConfigurationIsVisible = 0;
			defaultConfigurationName = Release;
		};
		11372D4D2CA7D20000388654 /* Build configuration list for PBXNativeTarget "moodTerm" */ = {
			isa = XCConfigurationList;
			buildConfigurations = (
				11372D4E2CA7D20000388654 /* Debug */,
				11372D4F2CA7D20000388654 /* Release */,
			);
			defaultConfigurationIsVisible = 0;
			defaultConfigurationName = Release;
		};
		11372D502CA7D20000388654 /* Build configuration list for PBXNativeTarget "moodTermTests" */ = {
			isa = XCConfigurationList;
			buildConfigurations = (
				11372D512CA7D20000388654 /* Debug */,
				11372D522CA7D20000388654 /* Release */,
			);
			defaultConfigurationIsVisible = 0;
			defaultConfigurationName = Release;
		};
		11372D532CA7D20000388654 /* Build configuration list for PBXNativeTarget "moodTermUITests" */ = {
			isa = XCConfigurationList;
			buildConfigurations = (
				11372D542CA7D20000388654 /* Debug */,
				11372D552CA7D20000388654 /* Release */,
			);
			defaultConfigurationIsVisible = 0;
			defaultConfigurationName = Release;
		};
/* End XCConfigurationList section */
	};
	rootObject = 11372D202CA7D1FE00388654 /* Project object */;
}
